// !$*UTF8*$!
{
	archiveVersion = 1;
	classes = {
	};
	objectVersion = 56;
	objects = {

/* Begin PBXBuildFile section */
		3F139D732C3E68AC00986505 /* SingleImageViewController.swift in Sources */ = {isa = PBXBuildFile; fileRef = 3F139D722C3E68AC00986505 /* SingleImageViewController.swift */; };
		3F387A572C536AE9009FA802 /* AuthViewController.swift in Sources */ = {isa = PBXBuildFile; fileRef = 3F387A562C536AE9009FA802 /* AuthViewController.swift */; };
		3F387A592C53A2E5009FA802 /* WebViewViewController.swift in Sources */ = {isa = PBXBuildFile; fileRef = 3F387A582C53A2E5009FA802 /* WebViewViewController.swift */; };
		3F387A5D2C555573009FA802 /* OAuth2Service.swift in Sources */ = {isa = PBXBuildFile; fileRef = 3F387A5C2C555573009FA802 /* OAuth2Service.swift */; };
		3F387A602C55FFD5009FA802 /* URLSession+data.swift in Sources */ = {isa = PBXBuildFile; fileRef = 3F387A5F2C55FFD5009FA802 /* URLSession+data.swift */; };
		3F387A622C5609A2009FA802 /* OAuthTokenResponseBody.swift in Sources */ = {isa = PBXBuildFile; fileRef = 3F387A612C5609A2009FA802 /* OAuthTokenResponseBody.swift */; };
		3F387A642C561167009FA802 /* OAuth2TokenStorage.swift in Sources */ = {isa = PBXBuildFile; fileRef = 3F387A632C561167009FA802 /* OAuth2TokenStorage.swift */; };
		3F61F4E72C385C96008347C1 /* ImagesListCell.swift in Sources */ = {isa = PBXBuildFile; fileRef = 3F61F4E62C385C96008347C1 /* ImagesListCell.swift */; };
		3F9228152C5757DA002728F2 /* SplashViewController.swift in Sources */ = {isa = PBXBuildFile; fileRef = 3F9228142C5757DA002728F2 /* SplashViewController.swift */; };
		3FC17B282C65315C005DC458 /* ProfileService.swift in Sources */ = {isa = PBXBuildFile; fileRef = 3FC17B272C65315C005DC458 /* ProfileService.swift */; };
		3FC17B2B2C65E70C005DC458 /* ProfileModels.swift in Sources */ = {isa = PBXBuildFile; fileRef = 3FC17B2A2C65E70C005DC458 /* ProfileModels.swift */; };
		3FC17B2D2C6624A5005DC458 /* ProfileImageService.swift in Sources */ = {isa = PBXBuildFile; fileRef = 3FC17B2C2C6624A5005DC458 /* ProfileImageService.swift */; };
		3FC78B462C6489CA009606A8 /* ProgressHUD in Frameworks */ = {isa = PBXBuildFile; productRef = 3FC78B452C6489CA009606A8 /* ProgressHUD */; };
		3FC78B492C64E151009606A8 /* UIBlockingProgressHUD.swift in Sources */ = {isa = PBXBuildFile; fileRef = 3FC78B482C64E151009606A8 /* UIBlockingProgressHUD.swift */; };
		3FDAC5F02C52A99D00C52543 /* Constants.swift in Sources */ = {isa = PBXBuildFile; fileRef = 3FDAC5EF2C52A99D00C52543 /* Constants.swift */; };
		3FDBBADC2C3D03AC00B40B32 /* ProfileViewController.swift in Sources */ = {isa = PBXBuildFile; fileRef = 3FDBBADB2C3D03AC00B40B32 /* ProfileViewController.swift */; };
		3FF83B7C2C3666C4001ED6D0 /* AppDelegate.swift in Sources */ = {isa = PBXBuildFile; fileRef = 3FF83B7B2C3666C4001ED6D0 /* AppDelegate.swift */; };
		3FF83B7E2C3666C4001ED6D0 /* SceneDelegate.swift in Sources */ = {isa = PBXBuildFile; fileRef = 3FF83B7D2C3666C4001ED6D0 /* SceneDelegate.swift */; };
		3FF83B802C3666C4001ED6D0 /* ImagesListViewController.swift in Sources */ = {isa = PBXBuildFile; fileRef = 3FF83B7F2C3666C4001ED6D0 /* ImagesListViewController.swift */; };
		3FF83B832C3666C4001ED6D0 /* Base in Resources */ = {isa = PBXBuildFile; fileRef = 3FF83B822C3666C4001ED6D0 /* Base */; };
		3FF83B852C3666C5001ED6D0 /* Assets.xcassets in Resources */ = {isa = PBXBuildFile; fileRef = 3FF83B842C3666C5001ED6D0 /* Assets.xcassets */; };
		3FF83B882C3666C5001ED6D0 /* Base in Resources */ = {isa = PBXBuildFile; fileRef = 3FF83B872C3666C5001ED6D0 /* Base */; };
/* End PBXBuildFile section */

/* Begin PBXFileReference section */
		3F139D722C3E68AC00986505 /* SingleImageViewController.swift */ = {isa = PBXFileReference; lastKnownFileType = sourcecode.swift; path = SingleImageViewController.swift; sourceTree = "<group>"; };
		3F387A562C536AE9009FA802 /* AuthViewController.swift */ = {isa = PBXFileReference; lastKnownFileType = sourcecode.swift; path = AuthViewController.swift; sourceTree = "<group>"; };
		3F387A582C53A2E5009FA802 /* WebViewViewController.swift */ = {isa = PBXFileReference; lastKnownFileType = sourcecode.swift; path = WebViewViewController.swift; sourceTree = "<group>"; };
		3F387A5C2C555573009FA802 /* OAuth2Service.swift */ = {isa = PBXFileReference; lastKnownFileType = sourcecode.swift; path = OAuth2Service.swift; sourceTree = "<group>"; };
		3F387A5F2C55FFD5009FA802 /* URLSession+data.swift */ = {isa = PBXFileReference; lastKnownFileType = sourcecode.swift; path = "URLSession+data.swift"; sourceTree = "<group>"; };
		3F387A612C5609A2009FA802 /* OAuthTokenResponseBody.swift */ = {isa = PBXFileReference; lastKnownFileType = sourcecode.swift; path = OAuthTokenResponseBody.swift; sourceTree = "<group>"; };
		3F387A632C561167009FA802 /* OAuth2TokenStorage.swift */ = {isa = PBXFileReference; lastKnownFileType = sourcecode.swift; path = OAuth2TokenStorage.swift; sourceTree = "<group>"; };
		3F61F4E62C385C96008347C1 /* ImagesListCell.swift */ = {isa = PBXFileReference; lastKnownFileType = sourcecode.swift; path = ImagesListCell.swift; sourceTree = "<group>"; };
		3F9228142C5757DA002728F2 /* SplashViewController.swift */ = {isa = PBXFileReference; lastKnownFileType = sourcecode.swift; path = SplashViewController.swift; sourceTree = "<group>"; };
		3FC17B272C65315C005DC458 /* ProfileService.swift */ = {isa = PBXFileReference; lastKnownFileType = sourcecode.swift; path = ProfileService.swift; sourceTree = "<group>"; };
		3FC17B2A2C65E70C005DC458 /* ProfileModels.swift */ = {isa = PBXFileReference; lastKnownFileType = sourcecode.swift; path = ProfileModels.swift; sourceTree = "<group>"; };
		3FC17B2C2C6624A5005DC458 /* ProfileImageService.swift */ = {isa = PBXFileReference; lastKnownFileType = sourcecode.swift; path = ProfileImageService.swift; sourceTree = "<group>"; };
		3FC78B482C64E151009606A8 /* UIBlockingProgressHUD.swift */ = {isa = PBXFileReference; lastKnownFileType = sourcecode.swift; path = UIBlockingProgressHUD.swift; sourceTree = "<group>"; };
		3FDAC5EF2C52A99D00C52543 /* Constants.swift */ = {isa = PBXFileReference; lastKnownFileType = sourcecode.swift; path = Constants.swift; sourceTree = "<group>"; };
		3FDBBADB2C3D03AC00B40B32 /* ProfileViewController.swift */ = {isa = PBXFileReference; lastKnownFileType = sourcecode.swift; path = ProfileViewController.swift; sourceTree = "<group>"; };
		3FF83B782C3666C4001ED6D0 /* ImageFeed.app */ = {isa = PBXFileReference; explicitFileType = wrapper.application; includeInIndex = 0; path = ImageFeed.app; sourceTree = BUILT_PRODUCTS_DIR; };
		3FF83B7B2C3666C4001ED6D0 /* AppDelegate.swift */ = {isa = PBXFileReference; lastKnownFileType = sourcecode.swift; path = AppDelegate.swift; sourceTree = "<group>"; };
		3FF83B7D2C3666C4001ED6D0 /* SceneDelegate.swift */ = {isa = PBXFileReference; lastKnownFileType = sourcecode.swift; path = SceneDelegate.swift; sourceTree = "<group>"; };
		3FF83B7F2C3666C4001ED6D0 /* ImagesListViewController.swift */ = {isa = PBXFileReference; lastKnownFileType = sourcecode.swift; path = ImagesListViewController.swift; sourceTree = "<group>"; };
		3FF83B822C3666C4001ED6D0 /* Base */ = {isa = PBXFileReference; lastKnownFileType = file.storyboard; name = Base; path = Base.lproj/Main.storyboard; sourceTree = "<group>"; };
		3FF83B842C3666C5001ED6D0 /* Assets.xcassets */ = {isa = PBXFileReference; lastKnownFileType = folder.assetcatalog; path = Assets.xcassets; sourceTree = "<group>"; };
		3FF83B872C3666C5001ED6D0 /* Base */ = {isa = PBXFileReference; lastKnownFileType = file.storyboard; name = Base; path = Base.lproj/LaunchScreen.storyboard; sourceTree = "<group>"; };
		3FF83B892C3666C5001ED6D0 /* Info.plist */ = {isa = PBXFileReference; lastKnownFileType = text.plist.xml; path = Info.plist; sourceTree = "<group>"; };
/* End PBXFileReference section */

/* Begin PBXFrameworksBuildPhase section */
		3FF83B752C3666C4001ED6D0 /* Frameworks */ = {
			isa = PBXFrameworksBuildPhase;
			buildActionMask = 2147483647;
			files = (
				3FC78B462C6489CA009606A8 /* ProgressHUD in Frameworks */,
			);
			runOnlyForDeploymentPostprocessing = 0;
		};
/* End PBXFrameworksBuildPhase section */

/* Begin PBXGroup section */
		3F139D712C3E5E2400986505 /* Profile */ = {
			isa = PBXGroup;
			children = (
				3FDBBADB2C3D03AC00B40B32 /* ProfileViewController.swift */,
			);
			path = Profile;
			sourceTree = "<group>";
		};
		3F387A552C536ACB009FA802 /* Auth */ = {
			isa = PBXGroup;
			children = (
				3F387A562C536AE9009FA802 /* AuthViewController.swift */,
				3F387A582C53A2E5009FA802 /* WebViewViewController.swift */,
			);
			path = Auth;
			sourceTree = "<group>";
		};
		3F387A5B2C553E99009FA802 /* Services */ = {
			isa = PBXGroup;
			children = (
				3F387A5C2C555573009FA802 /* OAuth2Service.swift */,
				3FC17B272C65315C005DC458 /* ProfileService.swift */,
				3FC17B2C2C6624A5005DC458 /* ProfileImageService.swift */,
				3FC78B482C64E151009606A8 /* UIBlockingProgressHUD.swift */,
			);
			path = Services;
			sourceTree = "<group>";
		};
		3F387A5E2C55FFB8009FA802 /* Helpers */ = {
			isa = PBXGroup;
			children = (
				3FDAC5EF2C52A99D00C52543 /* Constants.swift */,
				3F387A5F2C55FFD5009FA802 /* URLSession+data.swift */,
				3F387A632C561167009FA802 /* OAuth2TokenStorage.swift */,
			);
			path = Helpers;
			sourceTree = "<group>";
		};
		3F387A652C56409B009FA802 /* SingleImage */ = {
			isa = PBXGroup;
			children = (
				3F139D722C3E68AC00986505 /* SingleImageViewController.swift */,
			);
			path = SingleImage;
			sourceTree = "<group>";
		};
		3F61F4E82C385CDE008347C1 /* ImagesList */ = {
			isa = PBXGroup;
			children = (
				3FF83B7F2C3666C4001ED6D0 /* ImagesListViewController.swift */,
				3F61F4E62C385C96008347C1 /* ImagesListCell.swift */,
			);
			path = ImagesList;
			sourceTree = "<group>";
		};
		3FC17B292C65E6B5005DC458 /* Models */ = {
			isa = PBXGroup;
			children = (
				3FC17B2A2C65E70C005DC458 /* ProfileModels.swift */,
				3F387A612C5609A2009FA802 /* OAuthTokenResponseBody.swift */,
			);
			path = Models;
			sourceTree = "<group>";
		};
		3FC78B472C648C28009606A8 /* Splash */ = {
			isa = PBXGroup;
			children = (
				3F9228142C5757DA002728F2 /* SplashViewController.swift */,
			);
			path = Splash;
			sourceTree = "<group>";
		};
		3FF83B6F2C3666C4001ED6D0 = {
			isa = PBXGroup;
			children = (
				3FF83B7A2C3666C4001ED6D0 /* ImageFeed */,
				3FF83B792C3666C4001ED6D0 /* Products */,
			);
			sourceTree = "<group>";
		};
		3FF83B792C3666C4001ED6D0 /* Products */ = {
			isa = PBXGroup;
			children = (
				3FF83B782C3666C4001ED6D0 /* ImageFeed.app */,
			);
			name = Products;
			sourceTree = "<group>";
		};
		3FF83B7A2C3666C4001ED6D0 /* ImageFeed */ = {
			isa = PBXGroup;
			children = (
				3FC17B292C65E6B5005DC458 /* Models */,
				3FC78B472C648C28009606A8 /* Splash */,
				3F387A5E2C55FFB8009FA802 /* Helpers */,
				3F387A5B2C553E99009FA802 /* Services */,
				3F387A552C536ACB009FA802 /* Auth */,
				3F61F4E82C385CDE008347C1 /* ImagesList */,
				3F387A652C56409B009FA802 /* SingleImage */,
				3F139D712C3E5E2400986505 /* Profile */,
				3FF83B7B2C3666C4001ED6D0 /* AppDelegate.swift */,
				3FF83B7D2C3666C4001ED6D0 /* SceneDelegate.swift */,
				3FF83B812C3666C4001ED6D0 /* Main.storyboard */,
				3FF83B862C3666C5001ED6D0 /* LaunchScreen.storyboard */,
				3FF83B842C3666C5001ED6D0 /* Assets.xcassets */,
				3FF83B892C3666C5001ED6D0 /* Info.plist */,
			);
			path = ImageFeed;
			sourceTree = "<group>";
		};
/* End PBXGroup section */

/* Begin PBXNativeTarget section */
		3FF83B772C3666C4001ED6D0 /* ImageFeed */ = {
			isa = PBXNativeTarget;
			buildConfigurationList = 3FF83B8C2C3666C5001ED6D0 /* Build configuration list for PBXNativeTarget "ImageFeed" */;
			buildPhases = (
				3FF83B742C3666C4001ED6D0 /* Sources */,
				3FF83B752C3666C4001ED6D0 /* Frameworks */,
				3FF83B762C3666C4001ED6D0 /* Resources */,
			);
			buildRules = (
			);
			dependencies = (
			);
			name = ImageFeed;
			packageProductDependencies = (
				3FC78B452C6489CA009606A8 /* ProgressHUD */,
			);
			productName = ImageFeed;
			productReference = 3FF83B782C3666C4001ED6D0 /* ImageFeed.app */;
			productType = "com.apple.product-type.application";
		};
/* End PBXNativeTarget section */

/* Begin PBXProject section */
		3FF83B702C3666C4001ED6D0 /* Project object */ = {
			isa = PBXProject;
			attributes = {
				BuildIndependentTargetsInParallel = 1;
				LastSwiftUpdateCheck = 1540;
				LastUpgradeCheck = 1540;
				TargetAttributes = {
					3FF83B772C3666C4001ED6D0 = {
						CreatedOnToolsVersion = 15.4;
					};
				};
			};
			buildConfigurationList = 3FF83B732C3666C4001ED6D0 /* Build configuration list for PBXProject "ImageFeed" */;
			compatibilityVersion = "Xcode 14.0";
			developmentRegion = en;
			hasScannedForEncodings = 0;
			knownRegions = (
				en,
				Base,
			);
			mainGroup = 3FF83B6F2C3666C4001ED6D0;
			packageReferences = (
				3FC78B442C6489CA009606A8 /* XCRemoteSwiftPackageReference "ProgressHUD" */,
			);
			productRefGroup = 3FF83B792C3666C4001ED6D0 /* Products */;
			projectDirPath = "";
			projectRoot = "";
			targets = (
				3FF83B772C3666C4001ED6D0 /* ImageFeed */,
			);
		};
/* End PBXProject section */

/* Begin PBXResourcesBuildPhase section */
		3FF83B762C3666C4001ED6D0 /* Resources */ = {
			isa = PBXResourcesBuildPhase;
			buildActionMask = 2147483647;
			files = (
				3FF83B852C3666C5001ED6D0 /* Assets.xcassets in Resources */,
				3FF83B882C3666C5001ED6D0 /* Base in Resources */,
				3FF83B832C3666C4001ED6D0 /* Base in Resources */,
			);
			runOnlyForDeploymentPostprocessing = 0;
		};
/* End PBXResourcesBuildPhase section */

/* Begin PBXSourcesBuildPhase section */
		3FF83B742C3666C4001ED6D0 /* Sources */ = {
			isa = PBXSourcesBuildPhase;
			buildActionMask = 2147483647;
			files = (
				3FF83B802C3666C4001ED6D0 /* ImagesListViewController.swift in Sources */,
				3FC17B282C65315C005DC458 /* ProfileService.swift in Sources */,
				3F61F4E72C385C96008347C1 /* ImagesListCell.swift in Sources */,
				3F9228152C5757DA002728F2 /* SplashViewController.swift in Sources */,
				3F387A622C5609A2009FA802 /* OAuthTokenResponseBody.swift in Sources */,
				3FDBBADC2C3D03AC00B40B32 /* ProfileViewController.swift in Sources */,
				3FF83B7C2C3666C4001ED6D0 /* AppDelegate.swift in Sources */,
				3F387A572C536AE9009FA802 /* AuthViewController.swift in Sources */,
				3FDAC5F02C52A99D00C52543 /* Constants.swift in Sources */,
				3FC17B2B2C65E70C005DC458 /* ProfileModels.swift in Sources */,
				3FC78B492C64E151009606A8 /* UIBlockingProgressHUD.swift in Sources */,
				3F139D732C3E68AC00986505 /* SingleImageViewController.swift in Sources */,
				3F387A602C55FFD5009FA802 /* URLSession+data.swift in Sources */,
				3F387A592C53A2E5009FA802 /* WebViewViewController.swift in Sources */,
				3F387A5D2C555573009FA802 /* OAuth2Service.swift in Sources */,
				3FC17B2D2C6624A5005DC458 /* ProfileImageService.swift in Sources */,
				3F387A642C561167009FA802 /* OAuth2TokenStorage.swift in Sources */,
				3FF83B7E2C3666C4001ED6D0 /* SceneDelegate.swift in Sources */,
			);
			runOnlyForDeploymentPostprocessing = 0;
		};
/* End PBXSourcesBuildPhase section */

/* Begin PBXVariantGroup section */
		3FF83B812C3666C4001ED6D0 /* Main.storyboard */ = {
			isa = PBXVariantGroup;
			children = (
				3FF83B822C3666C4001ED6D0 /* Base */,
			);
			name = Main.storyboard;
			sourceTree = "<group>";
		};
		3FF83B862C3666C5001ED6D0 /* LaunchScreen.storyboard */ = {
			isa = PBXVariantGroup;
			children = (
				3FF83B872C3666C5001ED6D0 /* Base */,
			);
			name = LaunchScreen.storyboard;
			sourceTree = "<group>";
		};
/* End PBXVariantGroup section */

/* Begin XCBuildConfiguration section */
		3FF83B8A2C3666C5001ED6D0 /* Debug */ = {
			isa = XCBuildConfiguration;
			buildSettings = {
				ALWAYS_SEARCH_USER_PATHS = NO;
				ASSETCATALOG_COMPILER_GENERATE_SWIFT_ASSET_SYMBOL_EXTENSIONS = YES;
				CLANG_ANALYZER_NONNULL = YES;
				CLANG_ANALYZER_NUMBER_OBJECT_CONVERSION = YES_AGGRESSIVE;
				CLANG_CXX_LANGUAGE_STANDARD = "gnu++20";
				CLANG_ENABLE_MODULES = YES;
				CLANG_ENABLE_OBJC_ARC = YES;
				CLANG_ENABLE_OBJC_WEAK = YES;
				CLANG_WARN_BLOCK_CAPTURE_AUTORELEASING = YES;
				CLANG_WARN_BOOL_CONVERSION = YES;
				CLANG_WARN_COMMA = YES;
				CLANG_WARN_CONSTANT_CONVERSION = YES;
				CLANG_WARN_DEPRECATED_OBJC_IMPLEMENTATIONS = YES;
				CLANG_WARN_DIRECT_OBJC_ISA_USAGE = YES_ERROR;
				CLANG_WARN_DOCUMENTATION_COMMENTS = YES;
				CLANG_WARN_EMPTY_BODY = YES;
				CLANG_WARN_ENUM_CONVERSION = YES;
				CLANG_WARN_INFINITE_RECURSION = YES;
				CLANG_WARN_INT_CONVERSION = YES;
				CLANG_WARN_NON_LITERAL_NULL_CONVERSION = YES;
				CLANG_WARN_OBJC_IMPLICIT_RETAIN_SELF = YES;
				CLANG_WARN_OBJC_LITERAL_CONVERSION = YES;
				CLANG_WARN_OBJC_ROOT_CLASS = YES_ERROR;
				CLANG_WARN_QUOTED_INCLUDE_IN_FRAMEWORK_HEADER = YES;
				CLANG_WARN_RANGE_LOOP_ANALYSIS = YES;
				CLANG_WARN_STRICT_PROTOTYPES = YES;
				CLANG_WARN_SUSPICIOUS_MOVE = YES;
				CLANG_WARN_UNGUARDED_AVAILABILITY = YES_AGGRESSIVE;
				CLANG_WARN_UNREACHABLE_CODE = YES;
				CLANG_WARN__DUPLICATE_METHOD_MATCH = YES;
				COPY_PHASE_STRIP = NO;
				DEBUG_INFORMATION_FORMAT = dwarf;
				ENABLE_STRICT_OBJC_MSGSEND = YES;
				ENABLE_TESTABILITY = YES;
				ENABLE_USER_SCRIPT_SANDBOXING = YES;
				GCC_C_LANGUAGE_STANDARD = gnu17;
				GCC_DYNAMIC_NO_PIC = NO;
				GCC_NO_COMMON_BLOCKS = YES;
				GCC_OPTIMIZATION_LEVEL = 0;
				GCC_PREPROCESSOR_DEFINITIONS = (
					"DEBUG=1",
					"$(inherited)",
				);
				GCC_WARN_64_TO_32_BIT_CONVERSION = YES;
				GCC_WARN_ABOUT_RETURN_TYPE = YES_ERROR;
				GCC_WARN_UNDECLARED_SELECTOR = YES;
				GCC_WARN_UNINITIALIZED_AUTOS = YES_AGGRESSIVE;
				GCC_WARN_UNUSED_FUNCTION = YES;
				GCC_WARN_UNUSED_VARIABLE = YES;
				IPHONEOS_DEPLOYMENT_TARGET = 13.0;
				LOCALIZATION_PREFERS_STRING_CATALOGS = YES;
				MTL_ENABLE_DEBUG_INFO = INCLUDE_SOURCE;
				MTL_FAST_MATH = YES;
				ONLY_ACTIVE_ARCH = YES;
				SDKROOT = iphoneos;
				SWIFT_ACTIVE_COMPILATION_CONDITIONS = "DEBUG $(inherited)";
				SWIFT_OPTIMIZATION_LEVEL = "-Onone";
			};
			name = Debug;
		};
		3FF83B8B2C3666C5001ED6D0 /* Release */ = {
			isa = XCBuildConfiguration;
			buildSettings = {
				ALWAYS_SEARCH_USER_PATHS = NO;
				ASSETCATALOG_COMPILER_GENERATE_SWIFT_ASSET_SYMBOL_EXTENSIONS = YES;
				CLANG_ANALYZER_NONNULL = YES;
				CLANG_ANALYZER_NUMBER_OBJECT_CONVERSION = YES_AGGRESSIVE;
				CLANG_CXX_LANGUAGE_STANDARD = "gnu++20";
				CLANG_ENABLE_MODULES = YES;
				CLANG_ENABLE_OBJC_ARC = YES;
				CLANG_ENABLE_OBJC_WEAK = YES;
				CLANG_WARN_BLOCK_CAPTURE_AUTORELEASING = YES;
				CLANG_WARN_BOOL_CONVERSION = YES;
				CLANG_WARN_COMMA = YES;
				CLANG_WARN_CONSTANT_CONVERSION = YES;
				CLANG_WARN_DEPRECATED_OBJC_IMPLEMENTATIONS = YES;
				CLANG_WARN_DIRECT_OBJC_ISA_USAGE = YES_ERROR;
				CLANG_WARN_DOCUMENTATION_COMMENTS = YES;
				CLANG_WARN_EMPTY_BODY = YES;
				CLANG_WARN_ENUM_CONVERSION = YES;
				CLANG_WARN_INFINITE_RECURSION = YES;
				CLANG_WARN_INT_CONVERSION = YES;
				CLANG_WARN_NON_LITERAL_NULL_CONVERSION = YES;
				CLANG_WARN_OBJC_IMPLICIT_RETAIN_SELF = YES;
				CLANG_WARN_OBJC_LITERAL_CONVERSION = YES;
				CLANG_WARN_OBJC_ROOT_CLASS = YES_ERROR;
				CLANG_WARN_QUOTED_INCLUDE_IN_FRAMEWORK_HEADER = YES;
				CLANG_WARN_RANGE_LOOP_ANALYSIS = YES;
				CLANG_WARN_STRICT_PROTOTYPES = YES;
				CLANG_WARN_SUSPICIOUS_MOVE = YES;
				CLANG_WARN_UNGUARDED_AVAILABILITY = YES_AGGRESSIVE;
				CLANG_WARN_UNREACHABLE_CODE = YES;
				CLANG_WARN__DUPLICATE_METHOD_MATCH = YES;
				COPY_PHASE_STRIP = NO;
				DEBUG_INFORMATION_FORMAT = "dwarf-with-dsym";
				ENABLE_NS_ASSERTIONS = NO;
				ENABLE_STRICT_OBJC_MSGSEND = YES;
				ENABLE_USER_SCRIPT_SANDBOXING = YES;
				GCC_C_LANGUAGE_STANDARD = gnu17;
				GCC_NO_COMMON_BLOCKS = YES;
				GCC_WARN_64_TO_32_BIT_CONVERSION = YES;
				GCC_WARN_ABOUT_RETURN_TYPE = YES_ERROR;
				GCC_WARN_UNDECLARED_SELECTOR = YES;
				GCC_WARN_UNINITIALIZED_AUTOS = YES_AGGRESSIVE;
				GCC_WARN_UNUSED_FUNCTION = YES;
				GCC_WARN_UNUSED_VARIABLE = YES;
				IPHONEOS_DEPLOYMENT_TARGET = 13.0;
				LOCALIZATION_PREFERS_STRING_CATALOGS = YES;
				MTL_ENABLE_DEBUG_INFO = NO;
				MTL_FAST_MATH = YES;
				SDKROOT = iphoneos;
				SWIFT_COMPILATION_MODE = wholemodule;
				VALIDATE_PRODUCT = YES;
			};
			name = Release;
		};
		3FF83B8D2C3666C5001ED6D0 /* Debug */ = {
			isa = XCBuildConfiguration;
			buildSettings = {
				ASSETCATALOG_COMPILER_APPICON_NAME = AppIcon;
				ASSETCATALOG_COMPILER_GLOBAL_ACCENT_COLOR_NAME = AccentColor;
				CODE_SIGN_STYLE = Automatic;
				CURRENT_PROJECT_VERSION = 1;
				DEVELOPMENT_TEAM = CNQ42444ZA;
				GENERATE_INFOPLIST_FILE = YES;
				INFOPLIST_FILE = ImageFeed/Info.plist;
				INFOPLIST_KEY_UIApplicationSupportsIndirectInputEvents = YES;
				INFOPLIST_KEY_UILaunchStoryboardName = LaunchScreen;
				INFOPLIST_KEY_UIMainStoryboardFile = Main;
				INFOPLIST_KEY_UISupportedInterfaceOrientations = UIInterfaceOrientationPortrait;
				IPHONEOS_DEPLOYMENT_TARGET = 13.0;
				LD_RUNPATH_SEARCH_PATHS = (
					"$(inherited)",
					"@executable_path/Frameworks",
				);
				MARKETING_VERSION = 1.0;
				PRODUCT_BUNDLE_IDENTIFIER = com.dmaximov.practicum.ImageFeed;
				PRODUCT_NAME = "$(TARGET_NAME)";
				SUPPORTED_PLATFORMS = "iphoneos iphonesimulator";
				SUPPORTS_MACCATALYST = NO;
				SUPPORTS_MAC_DESIGNED_FOR_IPHONE_IPAD = NO;
				SUPPORTS_XR_DESIGNED_FOR_IPHONE_IPAD = NO;
				SWIFT_EMIT_LOC_STRINGS = YES;
				SWIFT_VERSION = 5.0;
				TARGETED_DEVICE_FAMILY = 1;
			};
			name = Debug;
		};
		3FF83B8E2C3666C5001ED6D0 /* Release */ = {
			isa = XCBuildConfiguration;
			buildSettings = {
				ASSETCATALOG_COMPILER_APPICON_NAME = AppIcon;
				ASSETCATALOG_COMPILER_GLOBAL_ACCENT_COLOR_NAME = AccentColor;
				CODE_SIGN_STYLE = Automatic;
				CURRENT_PROJECT_VERSION = 1;
				DEVELOPMENT_TEAM = CNQ42444ZA;
				GENERATE_INFOPLIST_FILE = YES;
				INFOPLIST_FILE = ImageFeed/Info.plist;
				INFOPLIST_KEY_UIApplicationSupportsIndirectInputEvents = YES;
				INFOPLIST_KEY_UILaunchStoryboardName = LaunchScreen;
				INFOPLIST_KEY_UIMainStoryboardFile = Main;
				INFOPLIST_KEY_UISupportedInterfaceOrientations = UIInterfaceOrientationPortrait;
				IPHONEOS_DEPLOYMENT_TARGET = 13.0;
				LD_RUNPATH_SEARCH_PATHS = (
					"$(inherited)",
					"@executable_path/Frameworks",
				);
				MARKETING_VERSION = 1.0;
				PRODUCT_BUNDLE_IDENTIFIER = com.dmaximov.practicum.ImageFeed;
				PRODUCT_NAME = "$(TARGET_NAME)";
				SUPPORTED_PLATFORMS = "iphoneos iphonesimulator";
				SUPPORTS_MACCATALYST = NO;
				SUPPORTS_MAC_DESIGNED_FOR_IPHONE_IPAD = NO;
				SUPPORTS_XR_DESIGNED_FOR_IPHONE_IPAD = NO;
				SWIFT_EMIT_LOC_STRINGS = YES;
				SWIFT_VERSION = 5.0;
				TARGETED_DEVICE_FAMILY = 1;
			};
			name = Release;
		};
/* End XCBuildConfiguration section */

/* Begin XCConfigurationList section */
		3FF83B732C3666C4001ED6D0 /* Build configuration list for PBXProject "ImageFeed" */ = {
			isa = XCConfigurationList;
			buildConfigurations = (
				3FF83B8A2C3666C5001ED6D0 /* Debug */,
				3FF83B8B2C3666C5001ED6D0 /* Release */,
			);
			defaultConfigurationIsVisible = 0;
			defaultConfigurationName = Release;
		};
		3FF83B8C2C3666C5001ED6D0 /* Build configuration list for PBXNativeTarget "ImageFeed" */ = {
			isa = XCConfigurationList;
			buildConfigurations = (
				3FF83B8D2C3666C5001ED6D0 /* Debug */,
				3FF83B8E2C3666C5001ED6D0 /* Release */,
			);
			defaultConfigurationIsVisible = 0;
			defaultConfigurationName = Release;
		};
/* End XCConfigurationList section */

/* Begin XCRemoteSwiftPackageReference section */
		3FC78B442C6489CA009606A8 /* XCRemoteSwiftPackageReference "ProgressHUD" */ = {
			isa = XCRemoteSwiftPackageReference;
			repositoryURL = "https://github.com/relatedcode/ProgressHUD";
			requirement = {
				kind = upToNextMajorVersion;
				minimumVersion = 14.1.3;
			};
		};
/* End XCRemoteSwiftPackageReference section */

/* Begin XCSwiftPackageProductDependency section */
		3FC78B452C6489CA009606A8 /* ProgressHUD */ = {
			isa = XCSwiftPackageProductDependency;
			package = 3FC78B442C6489CA009606A8 /* XCRemoteSwiftPackageReference "ProgressHUD" */;
			productName = ProgressHUD;
		};
/* End XCSwiftPackageProductDependency section */
	};
	rootObject = 3FF83B702C3666C4001ED6D0 /* Project object */;
}
